PODS:
  - AFNetworking (4.0.0):
    - AFNetworking/NSURLSession (= 4.0.0)
    - AFNetworking/Reachability (= 4.0.0)
    - AFNetworking/Security (= 4.0.0)
    - AFNetworking/Serialization (= 4.0.0)
    - AFNetworking/UIKit (= 4.0.0)
  - AFNetworking/NSURLSession (4.0.0):
    - AFNetworking/Reachability
    - AFNetworking/Security
    - AFNetworking/Serialization
  - AFNetworking/Reachability (4.0.0)
  - AFNetworking/Security (4.0.0)
  - AFNetworking/Serialization (4.0.0)
  - AFNetworking/UIKit (4.0.0):
    - AFNetworking/NSURLSession
  - CocoaLumberjack (3.6.1):
    - CocoaLumberjack/Core (= 3.6.1)
  - CocoaLumberjack/Core (3.6.1)
  - FMDB (2.7.5):
    - FMDB/standard (= 2.7.5)
  - FMDB/standard (2.7.5)
  - KVNProgress (2.3.5)
  - SDWebImage (5.7.2):
    - SDWebImage/Core (= 5.7.2)
  - SDWebImage/Core (5.7.2)
  - SnapKit (5.0.1)
  - SSZipArchive (2.2.2)
  - UTAppEngine (0.0.4):
    - AFNetworking
    - CocoaLumberjack
    - FMDB
    - SDWebImage
    - SnapKit

DEPENDENCIES:
  - KVNProgress
  - SSZipArchive
  - UTAppEngine (from `../UTAppEngine`)

SPEC REPOS:
  https://github.com/CocoaPods/Specs.git:
    - AFNetworking
    - CocoaLumberjack
    - FMDB
    - KVNProgress
    - SDWebImage
    - SnapKit
    - SSZipArchive

EXTERNAL SOURCES:
  UTAppEngine:
    :path: "../UTAppEngine"

SPEC CHECKSUMS:
  AFNetworking: d9fdf484a3c723ec3c558a41cc5754c7e845ee77
  CocoaLumberjack: b17ae15142558d08bbacf69775fa10c4abbebcc9
  FMDB: 2ce00b547f966261cd18927a3ddb07cb6f3db82a
  KVNProgress: d7046cce142f1aeb740db39dc3cacfe910fac354
  SDWebImage: d9ea4959d99c52276dfada481987018fcaea3d58
  SnapKit: 97b92857e3df3a0c71833cce143274bf6ef8e5eb
  SSZipArchive: fa16b8cc4cdeceb698e5e5d9f67e9558532fbf23
  UTAppEngine: cc48c320ec3acf6601796312a2e57d4e6cfb58f7

PODFILE CHECKSUM: 1c5f4830225ee24894464df261596d20b907a0c7

COCOAPODS: 1.8.4
